
Microsoft Visual Studio Solution File, Format Version 12.00
# Visual Studio Version 17
VisualStudioVersion = 17.14.36127.28
MinimumVisualStudioVersion = 10.0.40219.1
Project("{FAE04EC0-301F-11D3-BF4B-00C04F79EFBC}") = "RentalSystem", "RentalSystem\RentalSystem.csproj", "{C25B1AA0-AC76-48D3-9773-FD7FD5985F3C}"
EndProject
Project("{FAE04EC0-301F-11D3-BF4B-00C04F79EFBC}") = "Repositories", "Repositories\Repositories.csproj", "{62D2F544-64E6-4675-9A03-8BEB59E58EAF}"
EndProject
Project("{FAE04EC0-301F-11D3-BF4B-00C04F79EFBC}") = "Services", "Services\Services.csproj", "{B9C5EC01-E2B0-4A1A-8F24-C642013DEEF8}"
EndProject
Global
	GlobalSection(SolutionConfigurationPlatforms) = preSolution
		Debug|Any CPU = Debug|Any CPU
		Release|Any CPU = Release|Any CPU
	EndGlobalSection
	GlobalSection(ProjectConfigurationPlatforms) = postSolution
		{C25B1AA0-AC76-48D3-9773-FD7FD5985F3C}.Debug|Any CPU.ActiveCfg = Debug|Any CPU
		{C25B1AA0-AC76-48D3-9773-FD7FD5985F3C}.Debug|Any CPU.Build.0 = Debug|Any CPU
		{C25B1AA0-AC76-48D3-9773-FD7FD5985F3C}.Release|Any CPU.ActiveCfg = Release|Any CPU
		{C25B1AA0-AC76-48D3-9773-FD7FD5985F3C}.Release|Any CPU.Build.0 = Release|Any CPU
		{62D2F544-64E6-4675-9A03-8BEB59E58EAF}.Debug|Any CPU.ActiveCfg = Debug|Any CPU
		{62D2F544-64E6-4675-9A03-8BEB59E58EAF}.Debug|Any CPU.Build.0 = Debug|Any CPU
		{62D2F544-64E6-4675-9A03-8BEB59E58EAF}.Release|Any CPU.ActiveCfg = Release|Any CPU
		{62D2F544-64E6-4675-9A03-8BEB59E58EAF}.Release|Any CPU.Build.0 = Release|Any CPU
		{B9C5EC01-E2B0-4A1A-8F24-C642013DEEF8}.Debug|Any CPU.ActiveCfg = Debug|Any CPU
		{B9C5EC01-E2B0-4A1A-8F24-C642013DEEF8}.Debug|Any CPU.Build.0 = Debug|Any CPU
		{B9C5EC01-E2B0-4A1A-8F24-C642013DEEF8}.Release|Any CPU.ActiveCfg = Release|Any CPU
		{B9C5EC01-E2B0-4A1A-8F24-C642013DEEF8}.Release|Any CPU.Build.0 = Release|Any CPU
	EndGlobalSection
	GlobalSection(SolutionProperties) = preSolution
		HideSolutionNode = FALSE
	EndGlobalSection
	GlobalSection(ExtensibilityGlobals) = postSolution
		SolutionGuid = {7C0FC267-6617-4BE2-8445-01B374CA0A74}
	EndGlobalSection
EndGlobal
